
Microsoft Visual Studio Solution File, Format Version 12.00
# Visual Studio 14
VisualStudioVersion = 14.0.22609.0
MinimumVisualStudioVersion = 10.0.40219.1
Project("{FAE04EC0-301F-11D3-BF4B-00C04F79EFBC}") = "Nap", "Nap\Nap.csproj", "{2D0869E5-CEB3-4719-BFC3-3FAACC721384}"
EndProject
Project("{FAE04EC0-301F-11D3-BF4B-00C04F79EFBC}") = "Nap.Tests", "Nap.Tests\Nap.Tests.csproj", "{A9CC8956-2590-4DFC-B7A8-CB42F5ED26DE}"
EndProject
Project("{FAE04EC0-301F-11D3-BF4B-00C04F79EFBC}") = "Nap.Configuration", "Nap.Configuration\Nap.Configuration.csproj", "{7D733248-2081-41EB-8C66-DD4BBACEC1E8}"
EndProject
Project("{FAE04EC0-301F-11D3-BF4B-00C04F79EFBC}") = "Nap.Html", "Nap.Html\Nap.Html.csproj", "{DE5DB636-28E5-4D73-9D70-683E80D47254}"
EndProject
Project("{2150E333-8FDC-42A3-9474-1A3956D46DE8}") = "Tests", "Tests", "{A51A8509-EBE5-49AA-80BB-3EDA8FF6217B}"
EndProject
Project("{FAE04EC0-301F-11D3-BF4B-00C04F79EFBC}") = "Nap.Configuration.Tests", "Nap.Configuration.Tests\Nap.Configuration.Tests.csproj", "{CF70F218-F6E5-49F5-BCF6-2B00CF0E5292}"
EndProject
Project("{FAE04EC0-301F-11D3-BF4B-00C04F79EFBC}") = "Nap.Html.Tests", "Nap.Html.Tests\Nap.Html.Tests.csproj", "{A8B7E8C4-FB86-41A2-AB4D-E2F34557F3F2}"
EndProject
Global
	GlobalSection(SolutionConfigurationPlatforms) = preSolution
		Debug|Any CPU = Debug|Any CPU
		Release|Any CPU = Release|Any CPU
	EndGlobalSection
	GlobalSection(ProjectConfigurationPlatforms) = postSolution
		{2D0869E5-CEB3-4719-BFC3-3FAACC721384}.Debug|Any CPU.ActiveCfg = Debug|Any CPU
		{2D0869E5-CEB3-4719-BFC3-3FAACC721384}.Debug|Any CPU.Build.0 = Debug|Any CPU
		{2D0869E5-CEB3-4719-BFC3-3FAACC721384}.Release|Any CPU.ActiveCfg = Release|Any CPU
		{2D0869E5-CEB3-4719-BFC3-3FAACC721384}.Release|Any CPU.Build.0 = Release|Any CPU
		{A9CC8956-2590-4DFC-B7A8-CB42F5ED26DE}.Debug|Any CPU.ActiveCfg = Debug|Any CPU
		{A9CC8956-2590-4DFC-B7A8-CB42F5ED26DE}.Debug|Any CPU.Build.0 = Debug|Any CPU
		{A9CC8956-2590-4DFC-B7A8-CB42F5ED26DE}.Release|Any CPU.ActiveCfg = Release|Any CPU
		{A9CC8956-2590-4DFC-B7A8-CB42F5ED26DE}.Release|Any CPU.Build.0 = Release|Any CPU
		{7D733248-2081-41EB-8C66-DD4BBACEC1E8}.Debug|Any CPU.ActiveCfg = Debug|Any CPU
		{7D733248-2081-41EB-8C66-DD4BBACEC1E8}.Debug|Any CPU.Build.0 = Debug|Any CPU
		{7D733248-2081-41EB-8C66-DD4BBACEC1E8}.Release|Any CPU.ActiveCfg = Release|Any CPU
		{7D733248-2081-41EB-8C66-DD4BBACEC1E8}.Release|Any CPU.Build.0 = Release|Any CPU
		{DE5DB636-28E5-4D73-9D70-683E80D47254}.Debug|Any CPU.ActiveCfg = Debug|Any CPU
		{DE5DB636-28E5-4D73-9D70-683E80D47254}.Debug|Any CPU.Build.0 = Debug|Any CPU
		{DE5DB636-28E5-4D73-9D70-683E80D47254}.Release|Any CPU.ActiveCfg = Release|Any CPU
		{DE5DB636-28E5-4D73-9D70-683E80D47254}.Release|Any CPU.Build.0 = Release|Any CPU
		{CF70F218-F6E5-49F5-BCF6-2B00CF0E5292}.Debug|Any CPU.ActiveCfg = Debug|Any CPU
		{CF70F218-F6E5-49F5-BCF6-2B00CF0E5292}.Debug|Any CPU.Build.0 = Debug|Any CPU
		{CF70F218-F6E5-49F5-BCF6-2B00CF0E5292}.Release|Any CPU.ActiveCfg = Release|Any CPU
		{CF70F218-F6E5-49F5-BCF6-2B00CF0E5292}.Release|Any CPU.Build.0 = Release|Any CPU
		{A8B7E8C4-FB86-41A2-AB4D-E2F34557F3F2}.Debug|Any CPU.ActiveCfg = Debug|Any CPU
		{A8B7E8C4-FB86-41A2-AB4D-E2F34557F3F2}.Debug|Any CPU.Build.0 = Debug|Any CPU
		{A8B7E8C4-FB86-41A2-AB4D-E2F34557F3F2}.Release|Any CPU.ActiveCfg = Release|Any CPU
		{A8B7E8C4-FB86-41A2-AB4D-E2F34557F3F2}.Release|Any CPU.Build.0 = Release|Any CPU
	EndGlobalSection
	GlobalSection(SolutionProperties) = preSolution
		HideSolutionNode = FALSE
	EndGlobalSection
	GlobalSection(NestedProjects) = preSolution
		{A9CC8956-2590-4DFC-B7A8-CB42F5ED26DE} = {A51A8509-EBE5-49AA-80BB-3EDA8FF6217B}
		{CF70F218-F6E5-49F5-BCF6-2B00CF0E5292} = {A51A8509-EBE5-49AA-80BB-3EDA8FF6217B}
		{A8B7E8C4-FB86-41A2-AB4D-E2F34557F3F2} = {A51A8509-EBE5-49AA-80BB-3EDA8FF6217B}
	EndGlobalSection
EndGlobal
